
Microsoft Visual Studio Solution File, Format Version 12.00
# Visual Studio Version 16
VisualStudioVersion = 16.0.32407.337
MinimumVisualStudioVersion = 10.0.40219.1
Project("{8BC9CEB8-8B4A-11D0-8D11-00A0C91BC942}") = "MEMZ", "MEMZ\MEMZ.vcxproj", "{B0BB2EF5-AC91-4A3A-AD14-0F7C51229A76}"
EndProject
Global
	GlobalSection(SolutionConfigurationPlatforms) = preSolution
		Debug|x64 = Debug|x64
		Debug|x86 = Debug|x86
		Release|x64 = Release|x64
		Release|x86 = Release|x86
	EndGlobalSection
	GlobalSection(ProjectConfigurationPlatforms) = postSolution
		{B0BB2EF5-AC91-4A3A-AD14-0F7C51229A76}.Debug|x64.ActiveCfg = Debug|x64
		{B0BB2EF5-AC91-4A3A-AD14-0F7C51229A76}.Debug|x64.Build.0 = Debug|x64
		{B0BB2EF5-AC91-4A3A-AD14-0F7C51229A76}.Debug|x86.ActiveCfg = Debug|Win32
		{B0BB2EF5-AC91-4A3A-AD14-0F7C51229A76}.Debug|x86.Build.0 = Debug|Win32
		{B0BB2EF5-AC91-4A3A-AD14-0F7C51229A76}.Release|x64.ActiveCfg = Release|x64
		{B0BB2EF5-AC91-4A3A-AD14-0F7C51229A76}.Release|x64.Build.0 = Release|x64
		{B0BB2EF5-AC91-4A3A-AD14-0F7C51229A76}.Release|x86.ActiveCfg = Release|Win32
		{B0BB2EF5-AC91-4A3A-AD14-0F7C51229A76}.Release|x86.Build.0 = Release|Win32
	EndGlobalSection
	GlobalSection(SolutionProperties) = preSolution
		HideSolutionNode = FALSE
	EndGlobalSection
	GlobalSection(ExtensibilityGlobals) = postSolution
		SolutionGuid = {6DF094B0-F4A1-4AC5-82F0-8E7FEA31FBF9}
	EndGlobalSection
EndGlobal
